
Microsoft Visual Studio Solution File, Format Version 12.00
# Visual Studio 15
VisualStudioVersion = 15.0.28307.1267
MinimumVisualStudioVersion = 10.0.40219.1
Project("{9A19103F-16F7-4668-BE54-9A1E7A4F7556}") = "DataStructures", "DataStructures\DataStructures.csproj", "{A05337DD-6C63-48C4-AAF8-856BF064EAF9}"
EndProject
Project("{9A19103F-16F7-4668-BE54-9A1E7A4F7556}") = "DataStructuresTest", "ArrayListTest\DataStructuresTest.csproj", "{E1D0FC27-B488-4318-8F84-91D0CAC744BC}"
EndProject
Global
	GlobalSection(SolutionConfigurationPlatforms) = preSolution
		Debug|Any CPU = Debug|Any CPU
		Release|Any CPU = Release|Any CPU
	EndGlobalSection
	GlobalSection(ProjectConfigurationPlatforms) = postSolution
		{A05337DD-6C63-48C4-AAF8-856BF064EAF9}.Debug|Any CPU.ActiveCfg = Debug|Any CPU
		{A05337DD-6C63-48C4-AAF8-856BF064EAF9}.Debug|Any CPU.Build.0 = Debug|Any CPU
		{A05337DD-6C63-48C4-AAF8-856BF064EAF9}.Release|Any CPU.ActiveCfg = Release|Any CPU
		{A05337DD-6C63-48C4-AAF8-856BF064EAF9}.Release|Any CPU.Build.0 = Release|Any CPU
		{E1D0FC27-B488-4318-8F84-91D0CAC744BC}.Debug|Any CPU.ActiveCfg = Debug|Any CPU
		{E1D0FC27-B488-4318-8F84-91D0CAC744BC}.Debug|Any CPU.Build.0 = Debug|Any CPU
		{E1D0FC27-B488-4318-8F84-91D0CAC744BC}.Release|Any CPU.ActiveCfg = Release|Any CPU
		{E1D0FC27-B488-4318-8F84-91D0CAC744BC}.Release|Any CPU.Build.0 = Release|Any CPU
	EndGlobalSection
	GlobalSection(SolutionProperties) = preSolution
		HideSolutionNode = FALSE
	EndGlobalSection
	GlobalSection(ExtensibilityGlobals) = postSolution
		SolutionGuid = {D9F58D2B-489E-405F-B8FD-162C545D25FB}
	EndGlobalSection
EndGlobal
